// !$*UTF8*$!
{
	archiveVersion = 1;
	classes = {
	};
	objectVersion = 46;
	objects = {

/* Begin PBXBuildFile section */
		0D45F997A4F6EC36474950A7 /* Pods_901waveTests.framework in Frameworks */ = {isa = PBXBuildFile; fileRef = 82458B3EDEDCB5788A272264 /* Pods_901waveTests.framework */; };
		121D08F31222025199E5F857 /* Pods_901waveUITests.framework in Frameworks */ = {isa = PBXBuildFile; fileRef = B3778364DDEDB92A92456EA8 /* Pods_901waveUITests.framework */; };
		616D1E311F60BAA200FBCCDE /* AppDelegate.swift in Sources */ = {isa = PBXBuildFile; fileRef = 616D1E301F60BAA200FBCCDE /* AppDelegate.swift */; };
		616D1E331F60BAA200FBCCDE /* ViewController.swift in Sources */ = {isa = PBXBuildFile; fileRef = 616D1E321F60BAA200FBCCDE /* ViewController.swift */; };
		616D1E361F60BAA200FBCCDE /* Main.storyboard in Resources */ = {isa = PBXBuildFile; fileRef = 616D1E341F60BAA200FBCCDE /* Main.storyboard */; };
		616D1E381F60BAA200FBCCDE /* Assets.xcassets in Resources */ = {isa = PBXBuildFile; fileRef = 616D1E371F60BAA200FBCCDE /* Assets.xcassets */; };
		616D1E3B1F60BAA200FBCCDE /* LaunchScreen.storyboard in Resources */ = {isa = PBXBuildFile; fileRef = 616D1E391F60BAA200FBCCDE /* LaunchScreen.storyboard */; };
		616D1E461F60BAA200FBCCDE /* _01waveTests.swift in Sources */ = {isa = PBXBuildFile; fileRef = 616D1E451F60BAA200FBCCDE /* _01waveTests.swift */; };
		616D1E511F60BAA200FBCCDE /* _01waveUITests.swift in Sources */ = {isa = PBXBuildFile; fileRef = 616D1E501F60BAA200FBCCDE /* _01waveUITests.swift */; };
		7469284C1F75D8B200973845 /* GoogleService-Info.plist in Resources */ = {isa = PBXBuildFile; fileRef = 7469284B1F75D8B200973845 /* GoogleService-Info.plist */; };
		7469284F1F75DA1B00973845 /* DataService.swift in Sources */ = {isa = PBXBuildFile; fileRef = 7469284E1F75DA1B00973845 /* DataService.swift */; };
		746928511F75DA4900973845 /* Constants.swift in Sources */ = {isa = PBXBuildFile; fileRef = 746928501F75DA4900973845 /* Constants.swift */; };
		746928531F75DEDD00973845 /* MainView.swift in Sources */ = {isa = PBXBuildFile; fileRef = 746928521F75DEDD00973845 /* MainView.swift */; };
		746928551F75E38100973845 /* Event.swift in Sources */ = {isa = PBXBuildFile; fileRef = 746928541F75E38100973845 /* Event.swift */; };
		EC77495DB1C8E57E0BCC019C /* Pods_901wave.framework in Frameworks */ = {isa = PBXBuildFile; fileRef = 37B56E694504246837CC72DE /* Pods_901wave.framework */; };
/* End PBXBuildFile section */

/* Begin PBXContainerItemProxy section */
		616D1E421F60BAA200FBCCDE /* PBXContainerItemProxy */ = {
			isa = PBXContainerItemProxy;
			containerPortal = 616D1E251F60BAA200FBCCDE /* Project object */;
			proxyType = 1;
			remoteGlobalIDString = 616D1E2C1F60BAA200FBCCDE;
			remoteInfo = 901wave;
		};
		616D1E4D1F60BAA200FBCCDE /* PBXContainerItemProxy */ = {
			isa = PBXContainerItemProxy;
			containerPortal = 616D1E251F60BAA200FBCCDE /* Project object */;
			proxyType = 1;
			remoteGlobalIDString = 616D1E2C1F60BAA200FBCCDE;
			remoteInfo = 901wave;
		};
/* End PBXContainerItemProxy section */

/* Begin PBXFileReference section */
		33DA2FE85893BECCF6639559 /* Pods-901waveTests.release.xcconfig */ = {isa = PBXFileReference; includeInIndex = 1; lastKnownFileType = text.xcconfig; name = "Pods-901waveTests.release.xcconfig"; path = "Pods/Target Support Files/Pods-901waveTests/Pods-901waveTests.release.xcconfig"; sourceTree = "<group>"; };
		37B56E694504246837CC72DE /* Pods_901wave.framework */ = {isa = PBXFileReference; explicitFileType = wrapper.framework; includeInIndex = 0; path = Pods_901wave.framework; sourceTree = BUILT_PRODUCTS_DIR; };
		57B3DCC4641C0D8A549C92B2 /* Pods-901waveUITests.debug.xcconfig */ = {isa = PBXFileReference; includeInIndex = 1; lastKnownFileType = text.xcconfig; name = "Pods-901waveUITests.debug.xcconfig"; path = "Pods/Target Support Files/Pods-901waveUITests/Pods-901waveUITests.debug.xcconfig"; sourceTree = "<group>"; };
		616D1E2D1F60BAA200FBCCDE /* 901wave.app */ = {isa = PBXFileReference; explicitFileType = wrapper.application; includeInIndex = 0; path = 901wave.app; sourceTree = BUILT_PRODUCTS_DIR; };
		616D1E301F60BAA200FBCCDE /* AppDelegate.swift */ = {isa = PBXFileReference; lastKnownFileType = sourcecode.swift; path = AppDelegate.swift; sourceTree = "<group>"; };
		616D1E321F60BAA200FBCCDE /* ViewController.swift */ = {isa = PBXFileReference; lastKnownFileType = sourcecode.swift; path = ViewController.swift; sourceTree = "<group>"; };
		616D1E351F60BAA200FBCCDE /* Base */ = {isa = PBXFileReference; lastKnownFileType = file.storyboard; name = Base; path = Base.lproj/Main.storyboard; sourceTree = "<group>"; };
		616D1E371F60BAA200FBCCDE /* Assets.xcassets */ = {isa = PBXFileReference; lastKnownFileType = folder.assetcatalog; path = Assets.xcassets; sourceTree = "<group>"; };
		616D1E3A1F60BAA200FBCCDE /* Base */ = {isa = PBXFileReference; lastKnownFileType = file.storyboard; name = Base; path = Base.lproj/LaunchScreen.storyboard; sourceTree = "<group>"; };
		616D1E3C1F60BAA200FBCCDE /* Info.plist */ = {isa = PBXFileReference; lastKnownFileType = text.plist.xml; path = Info.plist; sourceTree = "<group>"; };
		616D1E411F60BAA200FBCCDE /* 901waveTests.xctest */ = {isa = PBXFileReference; explicitFileType = wrapper.cfbundle; includeInIndex = 0; path = 901waveTests.xctest; sourceTree = BUILT_PRODUCTS_DIR; };
		616D1E451F60BAA200FBCCDE /* _01waveTests.swift */ = {isa = PBXFileReference; lastKnownFileType = sourcecode.swift; path = _01waveTests.swift; sourceTree = "<group>"; };
		616D1E471F60BAA200FBCCDE /* Info.plist */ = {isa = PBXFileReference; lastKnownFileType = text.plist.xml; path = Info.plist; sourceTree = "<group>"; };
		616D1E4C1F60BAA200FBCCDE /* 901waveUITests.xctest */ = {isa = PBXFileReference; explicitFileType = wrapper.cfbundle; includeInIndex = 0; path = 901waveUITests.xctest; sourceTree = BUILT_PRODUCTS_DIR; };
		616D1E501F60BAA200FBCCDE /* _01waveUITests.swift */ = {isa = PBXFileReference; lastKnownFileType = sourcecode.swift; path = _01waveUITests.swift; sourceTree = "<group>"; };
		616D1E521F60BAA200FBCCDE /* Info.plist */ = {isa = PBXFileReference; lastKnownFileType = text.plist.xml; path = Info.plist; sourceTree = "<group>"; };
		7434936214AA0277EE87F4CA /* Pods-901wave.debug.xcconfig */ = {isa = PBXFileReference; includeInIndex = 1; lastKnownFileType = text.xcconfig; name = "Pods-901wave.debug.xcconfig"; path = "Pods/Target Support Files/Pods-901wave/Pods-901wave.debug.xcconfig"; sourceTree = "<group>"; };
		7469284B1F75D8B200973845 /* GoogleService-Info.plist */ = {isa = PBXFileReference; fileEncoding = 4; lastKnownFileType = text.plist.xml; path = "GoogleService-Info.plist"; sourceTree = "<group>"; };
		7469284E1F75DA1B00973845 /* DataService.swift */ = {isa = PBXFileReference; fileEncoding = 4; lastKnownFileType = sourcecode.swift; path = DataService.swift; sourceTree = "<group>"; };
		746928501F75DA4900973845 /* Constants.swift */ = {isa = PBXFileReference; fileEncoding = 4; lastKnownFileType = sourcecode.swift; path = Constants.swift; sourceTree = "<group>"; };
		746928521F75DEDD00973845 /* MainView.swift */ = {isa = PBXFileReference; fileEncoding = 4; lastKnownFileType = sourcecode.swift; path = MainView.swift; sourceTree = "<group>"; };
		746928541F75E38100973845 /* Event.swift */ = {isa = PBXFileReference; fileEncoding = 4; lastKnownFileType = sourcecode.swift; path = Event.swift; sourceTree = "<group>"; };
		80F5036EC074B76188AC3A16 /* Pods-901wave.release.xcconfig */ = {isa = PBXFileReference; includeInIndex = 1; lastKnownFileType = text.xcconfig; name = "Pods-901wave.release.xcconfig"; path = "Pods/Target Support Files/Pods-901wave/Pods-901wave.release.xcconfig"; sourceTree = "<group>"; };
		82458B3EDEDCB5788A272264 /* Pods_901waveTests.framework */ = {isa = PBXFileReference; explicitFileType = wrapper.framework; includeInIndex = 0; path = Pods_901waveTests.framework; sourceTree = BUILT_PRODUCTS_DIR; };
		A6BB1421EB9EA78BCF9ED135 /* Pods-901waveTests.debug.xcconfig */ = {isa = PBXFileReference; includeInIndex = 1; lastKnownFileType = text.xcconfig; name = "Pods-901waveTests.debug.xcconfig"; path = "Pods/Target Support Files/Pods-901waveTests/Pods-901waveTests.debug.xcconfig"; sourceTree = "<group>"; };
		B3778364DDEDB92A92456EA8 /* Pods_901waveUITests.framework */ = {isa = PBXFileReference; explicitFileType = wrapper.framework; includeInIndex = 0; path = Pods_901waveUITests.framework; sourceTree = BUILT_PRODUCTS_DIR; };
		C87A917F88F2C1AED6CC0B68 /* Pods-901waveUITests.release.xcconfig */ = {isa = PBXFileReference; includeInIndex = 1; lastKnownFileType = text.xcconfig; name = "Pods-901waveUITests.release.xcconfig"; path = "Pods/Target Support Files/Pods-901waveUITests/Pods-901waveUITests.release.xcconfig"; sourceTree = "<group>"; };
/* End PBXFileReference section */

/* Begin PBXFrameworksBuildPhase section */
		616D1E2A1F60BAA200FBCCDE /* Frameworks */ = {
			isa = PBXFrameworksBuildPhase;
			buildActionMask = 2147483647;
			files = (
				EC77495DB1C8E57E0BCC019C /* Pods_901wave.framework in Frameworks */,
			);
			runOnlyForDeploymentPostprocessing = 0;
		};
		616D1E3E1F60BAA200FBCCDE /* Frameworks */ = {
			isa = PBXFrameworksBuildPhase;
			buildActionMask = 2147483647;
			files = (
				0D45F997A4F6EC36474950A7 /* Pods_901waveTests.framework in Frameworks */,
			);
			runOnlyForDeploymentPostprocessing = 0;
		};
		616D1E491F60BAA200FBCCDE /* Frameworks */ = {
			isa = PBXFrameworksBuildPhase;
			buildActionMask = 2147483647;
			files = (
				121D08F31222025199E5F857 /* Pods_901waveUITests.framework in Frameworks */,
			);
			runOnlyForDeploymentPostprocessing = 0;
		};
/* End PBXFrameworksBuildPhase section */

/* Begin PBXGroup section */
		616D1E241F60BAA200FBCCDE = {
			isa = PBXGroup;
			children = (
				616D1E2F1F60BAA200FBCCDE /* 901wave */,
				616D1E441F60BAA200FBCCDE /* 901waveTests */,
				616D1E4F1F60BAA200FBCCDE /* 901waveUITests */,
				616D1E2E1F60BAA200FBCCDE /* Products */,
				7254855DD14456A1217798B2 /* Pods */,
				BA3BA9904039D3412C20BC8D /* Frameworks */,
			);
			sourceTree = "<group>";
		};
		616D1E2E1F60BAA200FBCCDE /* Products */ = {
			isa = PBXGroup;
			children = (
				616D1E2D1F60BAA200FBCCDE /* 901wave.app */,
				616D1E411F60BAA200FBCCDE /* 901waveTests.xctest */,
				616D1E4C1F60BAA200FBCCDE /* 901waveUITests.xctest */,
			);
			name = Products;
			sourceTree = "<group>";
		};
		616D1E2F1F60BAA200FBCCDE /* 901wave */ = {
			isa = PBXGroup;
			children = (
				746928561F75E39600973845 /* Models */,
				7469284D1F75DA0500973845 /* DataService */,
				616D1E301F60BAA200FBCCDE /* AppDelegate.swift */,
				616D1E321F60BAA200FBCCDE /* ViewController.swift */,
				616D1E341F60BAA200FBCCDE /* Main.storyboard */,
				616D1E371F60BAA200FBCCDE /* Assets.xcassets */,
				7469284B1F75D8B200973845 /* GoogleService-Info.plist */,
				616D1E391F60BAA200FBCCDE /* LaunchScreen.storyboard */,
				616D1E3C1F60BAA200FBCCDE /* Info.plist */,
				746928521F75DEDD00973845 /* MainView.swift */,
			);
			path = 901wave;
			sourceTree = "<group>";
		};
		616D1E441F60BAA200FBCCDE /* 901waveTests */ = {
			isa = PBXGroup;
			children = (
				616D1E451F60BAA200FBCCDE /* _01waveTests.swift */,
				616D1E471F60BAA200FBCCDE /* Info.plist */,
			);
			path = 901waveTests;
			sourceTree = "<group>";
		};
		616D1E4F1F60BAA200FBCCDE /* 901waveUITests */ = {
			isa = PBXGroup;
			children = (
				616D1E501F60BAA200FBCCDE /* _01waveUITests.swift */,
				616D1E521F60BAA200FBCCDE /* Info.plist */,
			);
			path = 901waveUITests;
			sourceTree = "<group>";
		};
		7254855DD14456A1217798B2 /* Pods */ = {
			isa = PBXGroup;
			children = (
				7434936214AA0277EE87F4CA /* Pods-901wave.debug.xcconfig */,
				80F5036EC074B76188AC3A16 /* Pods-901wave.release.xcconfig */,
				A6BB1421EB9EA78BCF9ED135 /* Pods-901waveTests.debug.xcconfig */,
				33DA2FE85893BECCF6639559 /* Pods-901waveTests.release.xcconfig */,
				57B3DCC4641C0D8A549C92B2 /* Pods-901waveUITests.debug.xcconfig */,
				C87A917F88F2C1AED6CC0B68 /* Pods-901waveUITests.release.xcconfig */,
			);
			name = Pods;
			sourceTree = "<group>";
		};
		7469284D1F75DA0500973845 /* DataService */ = {
			isa = PBXGroup;
			children = (
				7469284E1F75DA1B00973845 /* DataService.swift */,
				746928501F75DA4900973845 /* Constants.swift */,
			);
			name = DataService;
			sourceTree = "<group>";
		};
		746928561F75E39600973845 /* Models */ = {
			isa = PBXGroup;
			children = (
				746928541F75E38100973845 /* Event.swift */,
			);
			name = Models;
			sourceTree = "<group>";
		};
		BA3BA9904039D3412C20BC8D /* Frameworks */ = {
			isa = PBXGroup;
			children = (
				37B56E694504246837CC72DE /* Pods_901wave.framework */,
				82458B3EDEDCB5788A272264 /* Pods_901waveTests.framework */,
				B3778364DDEDB92A92456EA8 /* Pods_901waveUITests.framework */,
			);
			name = Frameworks;
			sourceTree = "<group>";
		};
/* End PBXGroup section */

/* Begin PBXNativeTarget section */
		616D1E2C1F60BAA200FBCCDE /* 901wave */ = {
			isa = PBXNativeTarget;
			buildConfigurationList = 616D1E551F60BAA200FBCCDE /* Build configuration list for PBXNativeTarget "901wave" */;
			buildPhases = (
				FE79C99EF4DF79DDAD9B4A7B /* [CP] Check Pods Manifest.lock */,
				616D1E291F60BAA200FBCCDE /* Sources */,
				616D1E2A1F60BAA200FBCCDE /* Frameworks */,
				616D1E2B1F60BAA200FBCCDE /* Resources */,
				4D793E55AE7A97B64F97DB66 /* [CP] Embed Pods Frameworks */,
				9A6DD848CCA55712D16AC7B3 /* [CP] Copy Pods Resources */,
			);
			buildRules = (
			);
			dependencies = (
			);
			name = 901wave;
			productName = 901wave;
			productReference = 616D1E2D1F60BAA200FBCCDE /* 901wave.app */;
			productType = "com.apple.product-type.application";
		};
		616D1E401F60BAA200FBCCDE /* 901waveTests */ = {
			isa = PBXNativeTarget;
			buildConfigurationList = 616D1E581F60BAA200FBCCDE /* Build configuration list for PBXNativeTarget "901waveTests" */;
			buildPhases = (
				6A16873D0B5C8B49E2E4760A /* [CP] Check Pods Manifest.lock */,
				616D1E3D1F60BAA200FBCCDE /* Sources */,
				616D1E3E1F60BAA200FBCCDE /* Frameworks */,
				616D1E3F1F60BAA200FBCCDE /* Resources */,
				BFA892A74436BB18057AF4CC /* [CP] Embed Pods Frameworks */,
				862ACB9CF1DF2847726DDC99 /* [CP] Copy Pods Resources */,
			);
			buildRules = (
			);
			dependencies = (
				616D1E431F60BAA200FBCCDE /* PBXTargetDependency */,
			);
			name = 901waveTests;
			productName = 901waveTests;
			productReference = 616D1E411F60BAA200FBCCDE /* 901waveTests.xctest */;
			productType = "com.apple.product-type.bundle.unit-test";
		};
		616D1E4B1F60BAA200FBCCDE /* 901waveUITests */ = {
			isa = PBXNativeTarget;
			buildConfigurationList = 616D1E5B1F60BAA200FBCCDE /* Build configuration list for PBXNativeTarget "901waveUITests" */;
			buildPhases = (
				CA9C4C8F32C9E7F95C144723 /* [CP] Check Pods Manifest.lock */,
				616D1E481F60BAA200FBCCDE /* Sources */,
				616D1E491F60BAA200FBCCDE /* Frameworks */,
				616D1E4A1F60BAA200FBCCDE /* Resources */,
				0841CA7902E25B5FFD36F5EA /* [CP] Embed Pods Frameworks */,
				8B78844E739BA4181A2F33D7 /* [CP] Copy Pods Resources */,
			);
			buildRules = (
			);
			dependencies = (
				616D1E4E1F60BAA200FBCCDE /* PBXTargetDependency */,
			);
			name = 901waveUITests;
			productName = 901waveUITests;
			productReference = 616D1E4C1F60BAA200FBCCDE /* 901waveUITests.xctest */;
			productType = "com.apple.product-type.bundle.ui-testing";
		};
/* End PBXNativeTarget section */

/* Begin PBXProject section */
		616D1E251F60BAA200FBCCDE /* Project object */ = {
			isa = PBXProject;
			attributes = {
				LastSwiftUpdateCheck = 0830;
				LastUpgradeCheck = 0830;
				ORGANIZATIONNAME = Poeen;
				TargetAttributes = {
					616D1E2C1F60BAA200FBCCDE = {
						CreatedOnToolsVersion = 8.3.3;
						DevelopmentTeam = 29AHJLC5RL;
						ProvisioningStyle = Automatic;
					};
					616D1E401F60BAA200FBCCDE = {
						CreatedOnToolsVersion = 8.3.3;
						DevelopmentTeam = 29AHJLC5RL;
						ProvisioningStyle = Automatic;
						TestTargetID = 616D1E2C1F60BAA200FBCCDE;
					};
					616D1E4B1F60BAA200FBCCDE = {
						CreatedOnToolsVersion = 8.3.3;
						DevelopmentTeam = 29AHJLC5RL;
						ProvisioningStyle = Automatic;
						TestTargetID = 616D1E2C1F60BAA200FBCCDE;
					};
				};
			};
			buildConfigurationList = 616D1E281F60BAA200FBCCDE /* Build configuration list for PBXProject "901wave" */;
			compatibilityVersion = "Xcode 3.2";
			developmentRegion = English;
			hasScannedForEncodings = 0;
			knownRegions = (
				en,
				Base,
			);
			mainGroup = 616D1E241F60BAA200FBCCDE;
			productRefGroup = 616D1E2E1F60BAA200FBCCDE /* Products */;
			projectDirPath = "";
			projectRoot = "";
			targets = (
				616D1E2C1F60BAA200FBCCDE /* 901wave */,
				616D1E401F60BAA200FBCCDE /* 901waveTests */,
				616D1E4B1F60BAA200FBCCDE /* 901waveUITests */,
			);
		};
/* End PBXProject section */

/* Begin PBXResourcesBuildPhase section */
		616D1E2B1F60BAA200FBCCDE /* Resources */ = {
			isa = PBXResourcesBuildPhase;
			buildActionMask = 2147483647;
			files = (
				616D1E3B1F60BAA200FBCCDE /* LaunchScreen.storyboard in Resources */,
				7469284C1F75D8B200973845 /* GoogleService-Info.plist in Resources */,
				616D1E381F60BAA200FBCCDE /* Assets.xcassets in Resources */,
				616D1E361F60BAA200FBCCDE /* Main.storyboard in Resources */,
			);
			runOnlyForDeploymentPostprocessing = 0;
		};
		616D1E3F1F60BAA200FBCCDE /* Resources */ = {
			isa = PBXResourcesBuildPhase;
			buildActionMask = 2147483647;
			files = (
			);
			runOnlyForDeploymentPostprocessing = 0;
		};
		616D1E4A1F60BAA200FBCCDE /* Resources */ = {
			isa = PBXResourcesBuildPhase;
			buildActionMask = 2147483647;
			files = (
			);
			runOnlyForDeploymentPostprocessing = 0;
		};
/* End PBXResourcesBuildPhase section */

/* Begin PBXShellScriptBuildPhase section */
		0841CA7902E25B5FFD36F5EA /* [CP] Embed Pods Frameworks */ = {
			isa = PBXShellScriptBuildPhase;
			buildActionMask = 2147483647;
			files = (
			);
			inputPaths = (
			);
			name = "[CP] Embed Pods Frameworks";
			outputPaths = (
			);
			runOnlyForDeploymentPostprocessing = 0;
			shellPath = /bin/sh;
			shellScript = "\"${SRCROOT}/Pods/Target Support Files/Pods-901waveUITests/Pods-901waveUITests-frameworks.sh\"\n";
			showEnvVarsInLog = 0;
		};
		4D793E55AE7A97B64F97DB66 /* [CP] Embed Pods Frameworks */ = {
			isa = PBXShellScriptBuildPhase;
			buildActionMask = 2147483647;
			files = (
			);
			inputPaths = (
				"${SRCROOT}/Pods/Target Support Files/Pods-901wave/Pods-901wave-frameworks.sh",
				"${BUILT_PRODUCTS_DIR}/Bolts/Bolts.framework",
				"${BUILT_PRODUCTS_DIR}/FBSDKCoreKit/FBSDKCoreKit.framework",
				"${BUILT_PRODUCTS_DIR}/FBSDKLoginKit/FBSDKLoginKit.framework",
				"${BUILT_PRODUCTS_DIR}/GTMSessionFetcher/GTMSessionFetcher.framework",
				"${BUILT_PRODUCTS_DIR}/GeoFire/GeoFire.framework",
				"${BUILT_PRODUCTS_DIR}/GoogleToolboxForMac/GoogleToolboxForMac.framework",
				"${BUILT_PRODUCTS_DIR}/IQKeyboardManagerSwift/IQKeyboardManagerSwift.framework",
				"${BUILT_PRODUCTS_DIR}/Protobuf/Protobuf.framework",
				"${BUILT_PRODUCTS_DIR}/SwiftKeychainWrapper/SwiftKeychainWrapper.framework",
				"${BUILT_PRODUCTS_DIR}/leveldb-library/leveldb.framework",
				"${BUILT_PRODUCTS_DIR}/nanopb/nanopb.framework",
			);
			name = "[CP] Embed Pods Frameworks";
			outputPaths = (
				"${TARGET_BUILD_DIR}/${FRAMEWORKS_FOLDER_PATH}/Bolts.framework",
				"${TARGET_BUILD_DIR}/${FRAMEWORKS_FOLDER_PATH}/FBSDKCoreKit.framework",
				"${TARGET_BUILD_DIR}/${FRAMEWORKS_FOLDER_PATH}/FBSDKLoginKit.framework",
				"${TARGET_BUILD_DIR}/${FRAMEWORKS_FOLDER_PATH}/GTMSessionFetcher.framework",
				"${TARGET_BUILD_DIR}/${FRAMEWORKS_FOLDER_PATH}/GeoFire.framework",
				"${TARGET_BUILD_DIR}/${FRAMEWORKS_FOLDER_PATH}/GoogleToolboxForMac.framework",
				"${TARGET_BUILD_DIR}/${FRAMEWORKS_FOLDER_PATH}/IQKeyboardManagerSwift.framework",
				"${TARGET_BUILD_DIR}/${FRAMEWORKS_FOLDER_PATH}/Protobuf.framework",
				"${TARGET_BUILD_DIR}/${FRAMEWORKS_FOLDER_PATH}/SwiftKeychainWrapper.framework",
				"${TARGET_BUILD_DIR}/${FRAMEWORKS_FOLDER_PATH}/leveldb.framework",
				"${TARGET_BUILD_DIR}/${FRAMEWORKS_FOLDER_PATH}/nanopb.framework",
			);
			runOnlyForDeploymentPostprocessing = 0;
			shellPath = /bin/sh;
			shellScript = "\"${SRCROOT}/Pods/Target Support Files/Pods-901wave/Pods-901wave-frameworks.sh\"\n";
			showEnvVarsInLog = 0;
		};
		6A16873D0B5C8B49E2E4760A /* [CP] Check Pods Manifest.lock */ = {
			isa = PBXShellScriptBuildPhase;
			buildActionMask = 2147483647;
			files = (
			);
			inputPaths = (
				"${PODS_PODFILE_DIR_PATH}/Podfile.lock",
				"${PODS_ROOT}/Manifest.lock",
			);
			name = "[CP] Check Pods Manifest.lock";
			outputPaths = (
				"$(DERIVED_FILE_DIR)/Pods-901waveTests-checkManifestLockResult.txt",
			);
			runOnlyForDeploymentPostprocessing = 0;
			shellPath = /bin/sh;
			shellScript = "diff \"${PODS_PODFILE_DIR_PATH}/Podfile.lock\" \"${PODS_ROOT}/Manifest.lock\" > /dev/null\nif [ $? != 0 ] ; then\n    # print error to STDERR\n    echo \"error: The sandbox is not in sync with the Podfile.lock. Run 'pod install' or update your CocoaPods installation.\" >&2\n    exit 1\nfi\n# This output is used by Xcode 'outputs' to avoid re-running this script phase.\necho \"SUCCESS\" > \"${SCRIPT_OUTPUT_FILE_0}\"\n";
			showEnvVarsInLog = 0;
		};
		862ACB9CF1DF2847726DDC99 /* [CP] Copy Pods Resources */ = {
			isa = PBXShellScriptBuildPhase;
			buildActionMask = 2147483647;
			files = (
			);
			inputPaths = (
			);
			name = "[CP] Copy Pods Resources";
			outputPaths = (
			);
			runOnlyForDeploymentPostprocessing = 0;
			shellPath = /bin/sh;
			shellScript = "\"${SRCROOT}/Pods/Target Support Files/Pods-901waveTests/Pods-901waveTests-resources.sh\"\n";
			showEnvVarsInLog = 0;
		};
		8B78844E739BA4181A2F33D7 /* [CP] Copy Pods Resources */ = {
			isa = PBXShellScriptBuildPhase;
			buildActionMask = 2147483647;
			files = (
			);
			inputPaths = (
			);
			name = "[CP] Copy Pods Resources";
			outputPaths = (
			);
			runOnlyForDeploymentPostprocessing = 0;
			shellPath = /bin/sh;
			shellScript = "\"${SRCROOT}/Pods/Target Support Files/Pods-901waveUITests/Pods-901waveUITests-resources.sh\"\n";
			showEnvVarsInLog = 0;
		};
		9A6DD848CCA55712D16AC7B3 /* [CP] Copy Pods Resources */ = {
			isa = PBXShellScriptBuildPhase;
			buildActionMask = 2147483647;
			files = (
			);
			inputPaths = (
			);
			name = "[CP] Copy Pods Resources";
			outputPaths = (
			);
			runOnlyForDeploymentPostprocessing = 0;
			shellPath = /bin/sh;
			shellScript = "\"${SRCROOT}/Pods/Target Support Files/Pods-901wave/Pods-901wave-resources.sh\"\n";
			showEnvVarsInLog = 0;
		};
		BFA892A74436BB18057AF4CC /* [CP] Embed Pods Frameworks */ = {
			isa = PBXShellScriptBuildPhase;
			buildActionMask = 2147483647;
			files = (
			);
			inputPaths = (
			);
			name = "[CP] Embed Pods Frameworks";
			outputPaths = (
			);
			runOnlyForDeploymentPostprocessing = 0;
			shellPath = /bin/sh;
			shellScript = "\"${SRCROOT}/Pods/Target Support Files/Pods-901waveTests/Pods-901waveTests-frameworks.sh\"\n";
			showEnvVarsInLog = 0;
		};
		CA9C4C8F32C9E7F95C144723 /* [CP] Check Pods Manifest.lock */ = {
			isa = PBXShellScriptBuildPhase;
			buildActionMask = 2147483647;
			files = (
			);
			inputPaths = (
				"${PODS_PODFILE_DIR_PATH}/Podfile.lock",
				"${PODS_ROOT}/Manifest.lock",
			);
			name = "[CP] Check Pods Manifest.lock";
			outputPaths = (
				"$(DERIVED_FILE_DIR)/Pods-901waveUITests-checkManifestLockResult.txt",
			);
			runOnlyForDeploymentPostprocessing = 0;
			shellPath = /bin/sh;
			shellScript = "diff \"${PODS_PODFILE_DIR_PATH}/Podfile.lock\" \"${PODS_ROOT}/Manifest.lock\" > /dev/null\nif [ $? != 0 ] ; then\n    # print error to STDERR\n    echo \"error: The sandbox is not in sync with the Podfile.lock. Run 'pod install' or update your CocoaPods installation.\" >&2\n    exit 1\nfi\n# This output is used by Xcode 'outputs' to avoid re-running this script phase.\necho \"SUCCESS\" > \"${SCRIPT_OUTPUT_FILE_0}\"\n";
			showEnvVarsInLog = 0;
		};
		FE79C99EF4DF79DDAD9B4A7B /* [CP] Check Pods Manifest.lock */ = {
			isa = PBXShellScriptBuildPhase;
			buildActionMask = 2147483647;
			files = (
			);
			inputPaths = (
				"${PODS_PODFILE_DIR_PATH}/Podfile.lock",
				"${PODS_ROOT}/Manifest.lock",
			);
			name = "[CP] Check Pods Manifest.lock";
			outputPaths = (
				"$(DERIVED_FILE_DIR)/Pods-901wave-checkManifestLockResult.txt",
			);
			runOnlyForDeploymentPostprocessing = 0;
			shellPath = /bin/sh;
			shellScript = "diff \"${PODS_PODFILE_DIR_PATH}/Podfile.lock\" \"${PODS_ROOT}/Manifest.lock\" > /dev/null\nif [ $? != 0 ] ; then\n    # print error to STDERR\n    echo \"error: The sandbox is not in sync with the Podfile.lock. Run 'pod install' or update your CocoaPods installation.\" >&2\n    exit 1\nfi\n# This output is used by Xcode 'outputs' to avoid re-running this script phase.\necho \"SUCCESS\" > \"${SCRIPT_OUTPUT_FILE_0}\"\n";
			showEnvVarsInLog = 0;
		};
/* End PBXShellScriptBuildPhase section */

/* Begin PBXSourcesBuildPhase section */
		616D1E291F60BAA200FBCCDE /* Sources */ = {
			isa = PBXSourcesBuildPhase;
			buildActionMask = 2147483647;
			files = (
				7469284F1F75DA1B00973845 /* DataService.swift in Sources */,
				616D1E331F60BAA200FBCCDE /* ViewController.swift in Sources */,
				616D1E311F60BAA200FBCCDE /* AppDelegate.swift in Sources */,
				746928531F75DEDD00973845 /* MainView.swift in Sources */,
				746928551F75E38100973845 /* Event.swift in Sources */,
				746928511F75DA4900973845 /* Constants.swift in Sources */,
			);
			runOnlyForDeploymentPostprocessing = 0;
		};
		616D1E3D1F60BAA200FBCCDE /* Sources */ = {
			isa = PBXSourcesBuildPhase;
			buildActionMask = 2147483647;
			files = (
				616D1E461F60BAA200FBCCDE /* _01waveTests.swift in Sources */,
			);
			runOnlyForDeploymentPostprocessing = 0;
		};
		616D1E481F60BAA200FBCCDE /* Sources */ = {
			isa = PBXSourcesBuildPhase;
			buildActionMask = 2147483647;
			files = (
				616D1E511F60BAA200FBCCDE /* _01waveUITests.swift in Sources */,
			);
			runOnlyForDeploymentPostprocessing = 0;
		};
/* End PBXSourcesBuildPhase section */

/* Begin PBXTargetDependency section */
		616D1E431F60BAA200FBCCDE /* PBXTargetDependency */ = {
			isa = PBXTargetDependency;
			target = 616D1E2C1F60BAA200FBCCDE /* 901wave */;
			targetProxy = 616D1E421F60BAA200FBCCDE /* PBXContainerItemProxy */;
		};
		616D1E4E1F60BAA200FBCCDE /* PBXTargetDependency */ = {
			isa = PBXTargetDependency;
			target = 616D1E2C1F60BAA200FBCCDE /* 901wave */;
			targetProxy = 616D1E4D1F60BAA200FBCCDE /* PBXContainerItemProxy */;
		};
/* End PBXTargetDependency section */

/* Begin PBXVariantGroup section */
		616D1E341F60BAA200FBCCDE /* Main.storyboard */ = {
			isa = PBXVariantGroup;
			children = (
				616D1E351F60BAA200FBCCDE /* Base */,
			);
			name = Main.storyboard;
			sourceTree = "<group>";
		};
		616D1E391F60BAA200FBCCDE /* LaunchScreen.storyboard */ = {
			isa = PBXVariantGroup;
			children = (
				616D1E3A1F60BAA200FBCCDE /* Base */,
			);
			name = LaunchScreen.storyboard;
			sourceTree = "<group>";
		};
/* End PBXVariantGroup section */

/* Begin XCBuildConfiguration section */
		616D1E531F60BAA200FBCCDE /* Debug */ = {
			isa = XCBuildConfiguration;
			buildSettings = {
				ALWAYS_SEARCH_USER_PATHS = NO;
				CLANG_ANALYZER_NONNULL = YES;
				CLANG_ANALYZER_NUMBER_OBJECT_CONVERSION = YES_AGGRESSIVE;
				CLANG_CXX_LANGUAGE_STANDARD = "gnu++0x";
				CLANG_CXX_LIBRARY = "libc++";
				CLANG_ENABLE_MODULES = YES;
				CLANG_ENABLE_OBJC_ARC = YES;
				CLANG_WARN_BOOL_CONVERSION = YES;
				CLANG_WARN_CONSTANT_CONVERSION = YES;
				CLANG_WARN_DIRECT_OBJC_ISA_USAGE = YES_ERROR;
				CLANG_WARN_DOCUMENTATION_COMMENTS = YES;
				CLANG_WARN_EMPTY_BODY = YES;
				CLANG_WARN_ENUM_CONVERSION = YES;
				CLANG_WARN_INFINITE_RECURSION = YES;
				CLANG_WARN_INT_CONVERSION = YES;
				CLANG_WARN_OBJC_ROOT_CLASS = YES_ERROR;
				CLANG_WARN_SUSPICIOUS_MOVE = YES;
				CLANG_WARN_UNREACHABLE_CODE = YES;
				CLANG_WARN__DUPLICATE_METHOD_MATCH = YES;
				"CODE_SIGN_IDENTITY[sdk=iphoneos*]" = "iPhone Developer";
				COPY_PHASE_STRIP = NO;
				DEBUG_INFORMATION_FORMAT = dwarf;
				ENABLE_STRICT_OBJC_MSGSEND = YES;
				ENABLE_TESTABILITY = YES;
				GCC_C_LANGUAGE_STANDARD = gnu99;
				GCC_DYNAMIC_NO_PIC = NO;
				GCC_NO_COMMON_BLOCKS = YES;
				GCC_OPTIMIZATION_LEVEL = 0;
				GCC_PREPROCESSOR_DEFINITIONS = (
					"DEBUG=1",
					"$(inherited)",
				);
				GCC_WARN_64_TO_32_BIT_CONVERSION = YES;
				GCC_WARN_ABOUT_RETURN_TYPE = YES_ERROR;
				GCC_WARN_UNDECLARED_SELECTOR = YES;
				GCC_WARN_UNINITIALIZED_AUTOS = YES_AGGRESSIVE;
				GCC_WARN_UNUSED_FUNCTION = YES;
				GCC_WARN_UNUSED_VARIABLE = YES;
				IPHONEOS_DEPLOYMENT_TARGET = 10.3;
				MTL_ENABLE_DEBUG_INFO = YES;
				ONLY_ACTIVE_ARCH = YES;
				SDKROOT = iphoneos;
				SWIFT_ACTIVE_COMPILATION_CONDITIONS = DEBUG;
				SWIFT_OPTIMIZATION_LEVEL = "-Onone";
			};
			name = Debug;
		};
		616D1E541F60BAA200FBCCDE /* Release */ = {
			isa = XCBuildConfiguration;
			buildSettings = {
				ALWAYS_SEARCH_USER_PATHS = NO;
				CLANG_ANALYZER_NONNULL = YES;
				CLANG_ANALYZER_NUMBER_OBJECT_CONVERSION = YES_AGGRESSIVE;
				CLANG_CXX_LANGUAGE_STANDARD = "gnu++0x";
				CLANG_CXX_LIBRARY = "libc++";
				CLANG_ENABLE_MODULES = YES;
				CLANG_ENABLE_OBJC_ARC = YES;
				CLANG_WARN_BOOL_CONVERSION = YES;
				CLANG_WARN_CONSTANT_CONVERSION = YES;
				CLANG_WARN_DIRECT_OBJC_ISA_USAGE = YES_ERROR;
				CLANG_WARN_DOCUMENTATION_COMMENTS = YES;
				CLANG_WARN_EMPTY_BODY = YES;
				CLANG_WARN_ENUM_CONVERSION = YES;
				CLANG_WARN_INFINITE_RECURSION = YES;
				CLANG_WARN_INT_CONVERSION = YES;
				CLANG_WARN_OBJC_ROOT_CLASS = YES_ERROR;
				CLANG_WARN_SUSPICIOUS_MOVE = YES;
				CLANG_WARN_UNREACHABLE_CODE = YES;
				CLANG_WARN__DUPLICATE_METHOD_MATCH = YES;
				"CODE_SIGN_IDENTITY[sdk=iphoneos*]" = "iPhone Developer";
				COPY_PHASE_STRIP = NO;
				DEBUG_INFORMATION_FORMAT = "dwarf-with-dsym";
				ENABLE_NS_ASSERTIONS = NO;
				ENABLE_STRICT_OBJC_MSGSEND = YES;
				GCC_C_LANGUAGE_STANDARD = gnu99;
				GCC_NO_COMMON_BLOCKS = YES;
				GCC_WARN_64_TO_32_BIT_CONVERSION = YES;
				GCC_WARN_ABOUT_RETURN_TYPE = YES_ERROR;
				GCC_WARN_UNDECLARED_SELECTOR = YES;
				GCC_WARN_UNINITIALIZED_AUTOS = YES_AGGRESSIVE;
				GCC_WARN_UNUSED_FUNCTION = YES;
				GCC_WARN_UNUSED_VARIABLE = YES;
				IPHONEOS_DEPLOYMENT_TARGET = 10.3;
				MTL_ENABLE_DEBUG_INFO = NO;
				SDKROOT = iphoneos;
				SWIFT_OPTIMIZATION_LEVEL = "-Owholemodule";
				VALIDATE_PRODUCT = YES;
			};
			name = Release;
		};
		616D1E561F60BAA200FBCCDE /* Debug */ = {
			isa = XCBuildConfiguration;
			baseConfigurationReference = 7434936214AA0277EE87F4CA /* Pods-901wave.debug.xcconfig */;
			buildSettings = {
				ASSETCATALOG_COMPILER_APPICON_NAME = AppIcon;
				DEVELOPMENT_TEAM = 29AHJLC5RL;
				INFOPLIST_FILE = 901wave/Info.plist;
				IPHONEOS_DEPLOYMENT_TARGET = 10.0;
				LD_RUNPATH_SEARCH_PATHS = "$(inherited) @executable_path/Frameworks";
				PRODUCT_BUNDLE_IDENTIFIER = com.poeen.901wave;
				PRODUCT_NAME = "$(TARGET_NAME)";
				SWIFT_VERSION = 3.0;
			};
			name = Debug;
		};
		616D1E571F60BAA200FBCCDE /* Release */ = {
			isa = XCBuildConfiguration;
			baseConfigurationReference = 80F5036EC074B76188AC3A16 /* Pods-901wave.release.xcconfig */;
			buildSettings = {
				ASSETCATALOG_COMPILER_APPICON_NAME = AppIcon;
				DEVELOPMENT_TEAM = 29AHJLC5RL;
				INFOPLIST_FILE = 901wave/Info.plist;
				IPHONEOS_DEPLOYMENT_TARGET = 10.0;
				LD_RUNPATH_SEARCH_PATHS = "$(inherited) @executable_path/Frameworks";
				PRODUCT_BUNDLE_IDENTIFIER = com.poeen.901wave;
				PRODUCT_NAME = "$(TARGET_NAME)";
				SWIFT_VERSION = 3.0;
			};
			name = Release;
		};
		616D1E591F60BAA200FBCCDE /* Debug */ = {
			isa = XCBuildConfiguration;
			baseConfigurationReference = A6BB1421EB9EA78BCF9ED135 /* Pods-901waveTests.debug.xcconfig */;
			buildSettings = {
				ALWAYS_EMBED_SWIFT_STANDARD_LIBRARIES = YES;
				BUNDLE_LOADER = "$(TEST_HOST)";
				DEVELOPMENT_TEAM = 29AHJLC5RL;
				INFOPLIST_FILE = 901waveTests/Info.plist;
				LD_RUNPATH_SEARCH_PATHS = "$(inherited) @executable_path/Frameworks @loader_path/Frameworks";
				PRODUCT_BUNDLE_IDENTIFIER = "com.wave.-01waveTests";
				PRODUCT_NAME = "$(TARGET_NAME)";
				SWIFT_VERSION = 3.0;
				TEST_HOST = "$(BUILT_PRODUCTS_DIR)/901wave.app/901wave";
			};
			name = Debug;
		};
		616D1E5A1F60BAA200FBCCDE /* Release */ = {
			isa = XCBuildConfiguration;
			baseConfigurationReference = 33DA2FE85893BECCF6639559 /* Pods-901waveTests.release.xcconfig */;
			buildSettings = {
				ALWAYS_EMBED_SWIFT_STANDARD_LIBRARIES = YES;
				BUNDLE_LOADER = "$(TEST_HOST)";
				DEVELOPMENT_TEAM = 29AHJLC5RL;
				INFOPLIST_FILE = 901waveTests/Info.plist;
				LD_RUNPATH_SEARCH_PATHS = "$(inherited) @executable_path/Frameworks @loader_path/Frameworks";
				PRODUCT_BUNDLE_IDENTIFIER = "com.wave.-01waveTests";
				PRODUCT_NAME = "$(TARGET_NAME)";
				SWIFT_VERSION = 3.0;
				TEST_HOST = "$(BUILT_PRODUCTS_DIR)/901wave.app/901wave";
			};
			name = Release;
		};
		616D1E5C1F60BAA200FBCCDE /* Debug */ = {
			isa = XCBuildConfiguration;
			baseConfigurationReference = 57B3DCC4641C0D8A549C92B2 /* Pods-901waveUITests.debug.xcconfig */;
			buildSettings = {
				ALWAYS_EMBED_SWIFT_STANDARD_LIBRARIES = YES;
				DEVELOPMENT_TEAM = 29AHJLC5RL;
				INFOPLIST_FILE = 901waveUITests/Info.plist;
				LD_RUNPATH_SEARCH_PATHS = "$(inherited) @executable_path/Frameworks @loader_path/Frameworks";
				PRODUCT_BUNDLE_IDENTIFIER = "com.wave.-01waveUITests";
				PRODUCT_NAME = "$(TARGET_NAME)";
				SWIFT_VERSION = 3.0;
				TEST_TARGET_NAME = 901wave;
			};
			name = Debug;
		};
		616D1E5D1F60BAA200FBCCDE /* Release */ = {
			isa = XCBuildConfiguration;
			baseConfigurationReference = C87A917F88F2C1AED6CC0B68 /* Pods-901waveUITests.release.xcconfig */;
			buildSettings = {
				ALWAYS_EMBED_SWIFT_STANDARD_LIBRARIES = YES;
				DEVELOPMENT_TEAM = 29AHJLC5RL;
				INFOPLIST_FILE = 901waveUITests/Info.plist;
				LD_RUNPATH_SEARCH_PATHS = "$(inherited) @executable_path/Frameworks @loader_path/Frameworks";
				PRODUCT_BUNDLE_IDENTIFIER = "com.wave.-01waveUITests";
				PRODUCT_NAME = "$(TARGET_NAME)";
				SWIFT_VERSION = 3.0;
				TEST_TARGET_NAME = 901wave;
			};
			name = Release;
		};
/* End XCBuildConfiguration section */

/* Begin XCConfigurationList section */
		616D1E281F60BAA200FBCCDE /* Build configuration list for PBXProject "901wave" */ = {
			isa = XCConfigurationList;
			buildConfigurations = (
				616D1E531F60BAA200FBCCDE /* Debug */,
				616D1E541F60BAA200FBCCDE /* Release */,
			);
			defaultConfigurationIsVisible = 0;
			defaultConfigurationName = Release;
		};
		616D1E551F60BAA200FBCCDE /* Build configuration list for PBXNativeTarget "901wave" */ = {
			isa = XCConfigurationList;
			buildConfigurations = (
				616D1E561F60BAA200FBCCDE /* Debug */,
				616D1E571F60BAA200FBCCDE /* Release */,
			);
			defaultConfigurationIsVisible = 0;
			defaultConfigurationName = Release;
		};
		616D1E581F60BAA200FBCCDE /* Build configuration list for PBXNativeTarget "901waveTests" */ = {
			isa = XCConfigurationList;
			buildConfigurations = (
				616D1E591F60BAA200FBCCDE /* Debug */,
				616D1E5A1F60BAA200FBCCDE /* Release */,
			);
			defaultConfigurationIsVisible = 0;
			defaultConfigurationName = Release;
		};
		616D1E5B1F60BAA200FBCCDE /* Build configuration list for PBXNativeTarget "901waveUITests" */ = {
			isa = XCConfigurationList;
			buildConfigurations = (
				616D1E5C1F60BAA200FBCCDE /* Debug */,
				616D1E5D1F60BAA200FBCCDE /* Release */,
			);
			defaultConfigurationIsVisible = 0;
			defaultConfigurationName = Release;
		};
/* End XCConfigurationList section */
	};
	rootObject = 616D1E251F60BAA200FBCCDE /* Project object */;
}
